
Microsoft Visual Studio Solution File, Format Version 12.00
Project("{FAE04EC0-301F-11D3-BF4B-00C04F79EFBC}") = "Todolist", "Todolist.csproj", "{CF17B6CB-E7B2-42D0-ABE6-F9BFBF16DE37}"
EndProject
Global
	GlobalSection(SolutionConfigurationPlatforms) = preSolution
		Debug|Any CPU = Debug|Any CPU
		Release|Any CPU = Release|Any CPU
	EndGlobalSection
	GlobalSection(ProjectConfigurationPlatforms) = postSolution
		{CF17B6CB-E7B2-42D0-ABE6-F9BFBF16DE37}.Debug|Any CPU.ActiveCfg = Debug|Any CPU
		{CF17B6CB-E7B2-42D0-ABE6-F9BFBF16DE37}.Debug|Any CPU.Build.0 = Debug|Any CPU
		{CF17B6CB-E7B2-42D0-ABE6-F9BFBF16DE37}.Release|Any CPU.ActiveCfg = Release|Any CPU
		{CF17B6CB-E7B2-42D0-ABE6-F9BFBF16DE37}.Release|Any CPU.Build.0 = Release|Any CPU
	EndGlobalSection
EndGlobal
